
Microsoft Visual Studio Solution File, Format Version 11.00
# Visual Studio 2010
Project("{FAE04EC0-301F-11D3-BF4B-00C04F79EFBC}") = "SharperNLP.MaxEntropy", "SharperNLP.MaxEntropy\SharperNLP.MaxEntropy.csproj", "{934651BD-C536-4241-B324-97CFF1F31875}"
EndProject
Project("{FAE04EC0-301F-11D3-BF4B-00C04F79EFBC}") = "SharperNLP.MaxEntropy.Test", "SharperNLP.MaxEntropy.Test\SharperNLP.MaxEntropy.Test.csproj", "{7BD4879E-E13D-4AEA-8AA5-95D148BE598E}"
EndProject
Global
	GlobalSection(SolutionConfigurationPlatforms) = preSolution
		Debug|Any CPU = Debug|Any CPU
		Release|Any CPU = Release|Any CPU
	EndGlobalSection
	GlobalSection(ProjectConfigurationPlatforms) = postSolution
		{934651BD-C536-4241-B324-97CFF1F31875}.Debug|Any CPU.ActiveCfg = Debug|Any CPU
		{934651BD-C536-4241-B324-97CFF1F31875}.Debug|Any CPU.Build.0 = Debug|Any CPU
		{934651BD-C536-4241-B324-97CFF1F31875}.Release|Any CPU.ActiveCfg = Release|Any CPU
		{934651BD-C536-4241-B324-97CFF1F31875}.Release|Any CPU.Build.0 = Release|Any CPU
		{7BD4879E-E13D-4AEA-8AA5-95D148BE598E}.Debug|Any CPU.ActiveCfg = Debug|Any CPU
		{7BD4879E-E13D-4AEA-8AA5-95D148BE598E}.Debug|Any CPU.Build.0 = Debug|Any CPU
		{7BD4879E-E13D-4AEA-8AA5-95D148BE598E}.Release|Any CPU.ActiveCfg = Release|Any CPU
		{7BD4879E-E13D-4AEA-8AA5-95D148BE598E}.Release|Any CPU.Build.0 = Release|Any CPU
	EndGlobalSection
	GlobalSection(SolutionProperties) = preSolution
		HideSolutionNode = FALSE
	EndGlobalSection
EndGlobal
